// !$*UTF8*$!
{
	archiveVersion = 1;
	classes = {
	};
	objectVersion = 46;
	objects = {

/* Begin PBXBuildFile section */
		108D6BE61D5154DA00B50556 /* AppDelegate.swift in Sources */ = {isa = PBXBuildFile; fileRef = 108D6BE51D5154DA00B50556 /* AppDelegate.swift */; };
		108D6BE81D5154DA00B50556 /* ViewController.swift in Sources */ = {isa = PBXBuildFile; fileRef = 108D6BE71D5154DA00B50556 /* ViewController.swift */; };
		108D6BEB1D5154DA00B50556 /* Main.storyboard in Resources */ = {isa = PBXBuildFile; fileRef = 108D6BE91D5154DA00B50556 /* Main.storyboard */; };
		108D6BED1D5154DA00B50556 /* Assets.xcassets in Resources */ = {isa = PBXBuildFile; fileRef = 108D6BEC1D5154DA00B50556 /* Assets.xcassets */; };
		108D6BF01D5154DA00B50556 /* LaunchScreen.storyboard in Resources */ = {isa = PBXBuildFile; fileRef = 108D6BEE1D5154DA00B50556 /* LaunchScreen.storyboard */; };
		108D6BFB1D5154DA00B50556 /* Project_CardsTests.swift in Sources */ = {isa = PBXBuildFile; fileRef = 108D6BFA1D5154DA00B50556 /* Project_CardsTests.swift */; };
		108D6C061D5154DA00B50556 /* Project_CardsUITests.swift in Sources */ = {isa = PBXBuildFile; fileRef = 108D6C051D5154DA00B50556 /* Project_CardsUITests.swift */; };
/* End PBXBuildFile section */

/* Begin PBXContainerItemProxy section */
		108D6BF71D5154DA00B50556 /* PBXContainerItemProxy */ = {
			isa = PBXContainerItemProxy;
			containerPortal = 108D6BDA1D5154D900B50556 /* Project object */;
			proxyType = 1;
			remoteGlobalIDString = 108D6BE11D5154DA00B50556;
			remoteInfo = Project_Cards;
		};
		108D6C021D5154DA00B50556 /* PBXContainerItemProxy */ = {
			isa = PBXContainerItemProxy;
			containerPortal = 108D6BDA1D5154D900B50556 /* Project object */;
			proxyType = 1;
			remoteGlobalIDString = 108D6BE11D5154DA00B50556;
			remoteInfo = Project_Cards;
		};
/* End PBXContainerItemProxy section */

/* Begin PBXFileReference section */
		108D6BE21D5154DA00B50556 /* Project_Cards.app */ = {isa = PBXFileReference; explicitFileType = wrapper.application; includeInIndex = 0; path = Project_Cards.app; sourceTree = BUILT_PRODUCTS_DIR; };
		108D6BE51D5154DA00B50556 /* AppDelegate.swift */ = {isa = PBXFileReference; lastKnownFileType = sourcecode.swift; path = AppDelegate.swift; sourceTree = "<group>"; };
		108D6BE71D5154DA00B50556 /* ViewController.swift */ = {isa = PBXFileReference; lastKnownFileType = sourcecode.swift; path = ViewController.swift; sourceTree = "<group>"; };
		108D6BEA1D5154DA00B50556 /* Base */ = {isa = PBXFileReference; lastKnownFileType = file.storyboard; name = Base; path = Base.lproj/Main.storyboard; sourceTree = "<group>"; };
		108D6BEC1D5154DA00B50556 /* Assets.xcassets */ = {isa = PBXFileReference; lastKnownFileType = folder.assetcatalog; path = Assets.xcassets; sourceTree = "<group>"; };
		108D6BEF1D5154DA00B50556 /* Base */ = {isa = PBXFileReference; lastKnownFileType = file.storyboard; name = Base; path = Base.lproj/LaunchScreen.storyboard; sourceTree = "<group>"; };
		108D6BF11D5154DA00B50556 /* Info.plist */ = {isa = PBXFileReference; lastKnownFileType = text.plist.xml; path = Info.plist; sourceTree = "<group>"; };
		108D6BF61D5154DA00B50556 /* Project_CardsTests.xctest */ = {isa = PBXFileReference; explicitFileType = wrapper.cfbundle; includeInIndex = 0; path = Project_CardsTests.xctest; sourceTree = BUILT_PRODUCTS_DIR; };
		108D6BFA1D5154DA00B50556 /* Project_CardsTests.swift */ = {isa = PBXFileReference; lastKnownFileType = sourcecode.swift; path = Project_CardsTests.swift; sourceTree = "<group>"; };
		108D6BFC1D5154DA00B50556 /* Info.plist */ = {isa = PBXFileReference; lastKnownFileType = text.plist.xml; path = Info.plist; sourceTree = "<group>"; };
		108D6C011D5154DA00B50556 /* Project_CardsUITests.xctest */ = {isa = PBXFileReference; explicitFileType = wrapper.cfbundle; includeInIndex = 0; path = Project_CardsUITests.xctest; sourceTree = BUILT_PRODUCTS_DIR; };
		108D6C051D5154DA00B50556 /* Project_CardsUITests.swift */ = {isa = PBXFileReference; lastKnownFileType = sourcecode.swift; path = Project_CardsUITests.swift; sourceTree = "<group>"; };
		108D6C071D5154DA00B50556 /* Info.plist */ = {isa = PBXFileReference; lastKnownFileType = text.plist.xml; path = Info.plist; sourceTree = "<group>"; };
/* End PBXFileReference section */

/* Begin PBXFrameworksBuildPhase section */
		108D6BDF1D5154DA00B50556 /* Frameworks */ = {
			isa = PBXFrameworksBuildPhase;
			buildActionMask = 2147483647;
			files = (
			);
			runOnlyForDeploymentPostprocessing = 0;
		};
		108D6BF31D5154DA00B50556 /* Frameworks */ = {
			isa = PBXFrameworksBuildPhase;
			buildActionMask = 2147483647;
			files = (
			);
			runOnlyForDeploymentPostprocessing = 0;
		};
		108D6BFE1D5154DA00B50556 /* Frameworks */ = {
			isa = PBXFrameworksBuildPhase;
			buildActionMask = 2147483647;
			files = (
			);
			runOnlyForDeploymentPostprocessing = 0;
		};
/* End PBXFrameworksBuildPhase section */

/* Begin PBXGroup section */
		108D6BD91D5154D900B50556 = {
			isa = PBXGroup;
			children = (
				108D6BE41D5154DA00B50556 /* Project_Cards */,
				108D6BF91D5154DA00B50556 /* Project_CardsTests */,
				108D6C041D5154DA00B50556 /* Project_CardsUITests */,
				108D6BE31D5154DA00B50556 /* Products */,
			);
			sourceTree = "<group>";
		};
		108D6BE31D5154DA00B50556 /* Products */ = {
			isa = PBXGroup;
			children = (
				108D6BE21D5154DA00B50556 /* Project_Cards.app */,
				108D6BF61D5154DA00B50556 /* Project_CardsTests.xctest */,
				108D6C011D5154DA00B50556 /* Project_CardsUITests.xctest */,
			);
			name = Products;
			sourceTree = "<group>";
		};
		108D6BE41D5154DA00B50556 /* Project_Cards */ = {
			isa = PBXGroup;
			children = (
				108D6BE51D5154DA00B50556 /* AppDelegate.swift */,
				108D6BE71D5154DA00B50556 /* ViewController.swift */,
				108D6BE91D5154DA00B50556 /* Main.storyboard */,
				108D6BEC1D5154DA00B50556 /* Assets.xcassets */,
				108D6BEE1D5154DA00B50556 /* LaunchScreen.storyboard */,
				108D6BF11D5154DA00B50556 /* Info.plist */,
			);
			path = Project_Cards;
			sourceTree = "<group>";
		};
		108D6BF91D5154DA00B50556 /* Project_CardsTests */ = {
			isa = PBXGroup;
			children = (
				108D6BFA1D5154DA00B50556 /* Project_CardsTests.swift */,
				108D6BFC1D5154DA00B50556 /* Info.plist */,
			);
			path = Project_CardsTests;
			sourceTree = "<group>";
		};
		108D6C041D5154DA00B50556 /* Project_CardsUITests */ = {
			isa = PBXGroup;
			children = (
				108D6C051D5154DA00B50556 /* Project_CardsUITests.swift */,
				108D6C071D5154DA00B50556 /* Info.plist */,
			);
			path = Project_CardsUITests;
			sourceTree = "<group>";
		};
/* End PBXGroup section */

/* Begin PBXNativeTarget section */
		108D6BE11D5154DA00B50556 /* Project_Cards */ = {
			isa = PBXNativeTarget;
			buildConfigurationList = 108D6C0A1D5154DA00B50556 /* Build configuration list for PBXNativeTarget "Project_Cards" */;
			buildPhases = (
				108D6BDE1D5154DA00B50556 /* Sources */,
				108D6BDF1D5154DA00B50556 /* Frameworks */,
				108D6BE01D5154DA00B50556 /* Resources */,
			);
			buildRules = (
			);
			dependencies = (
			);
			name = Project_Cards;
			productName = Project_Cards;
			productReference = 108D6BE21D5154DA00B50556 /* Project_Cards.app */;
			productType = "com.apple.product-type.application";
		};
		108D6BF51D5154DA00B50556 /* Project_CardsTests */ = {
			isa = PBXNativeTarget;
			buildConfigurationList = 108D6C0D1D5154DA00B50556 /* Build configuration list for PBXNativeTarget "Project_CardsTests" */;
			buildPhases = (
				108D6BF21D5154DA00B50556 /* Sources */,
				108D6BF31D5154DA00B50556 /* Frameworks */,
				108D6BF41D5154DA00B50556 /* Resources */,
			);
			buildRules = (
			);
			dependencies = (
				108D6BF81D5154DA00B50556 /* PBXTargetDependency */,
			);
			name = Project_CardsTests;
			productName = Project_CardsTests;
			productReference = 108D6BF61D5154DA00B50556 /* Project_CardsTests.xctest */;
			productType = "com.apple.product-type.bundle.unit-test";
		};
		108D6C001D5154DA00B50556 /* Project_CardsUITests */ = {
			isa = PBXNativeTarget;
			buildConfigurationList = 108D6C101D5154DA00B50556 /* Build configuration list for PBXNativeTarget "Project_CardsUITests" */;
			buildPhases = (
				108D6BFD1D5154DA00B50556 /* Sources */,
				108D6BFE1D5154DA00B50556 /* Frameworks */,
				108D6BFF1D5154DA00B50556 /* Resources */,
			);
			buildRules = (
			);
			dependencies = (
				108D6C031D5154DA00B50556 /* PBXTargetDependency */,
			);
			name = Project_CardsUITests;
			productName = Project_CardsUITests;
			productReference = 108D6C011D5154DA00B50556 /* Project_CardsUITests.xctest */;
			productType = "com.apple.product-type.bundle.ui-testing";
		};
/* End PBXNativeTarget section */

/* Begin PBXProject section */
		108D6BDA1D5154D900B50556 /* Project object */ = {
			isa = PBXProject;
			attributes = {
				LastSwiftUpdateCheck = 0730;
				LastUpgradeCheck = 0730;
				ORGANIZATIONNAME = Mohammed;
				TargetAttributes = {
					108D6BE11D5154DA00B50556 = {
						CreatedOnToolsVersion = 7.3.1;
					};
					108D6BF51D5154DA00B50556 = {
						CreatedOnToolsVersion = 7.3.1;
						TestTargetID = 108D6BE11D5154DA00B50556;
					};
					108D6C001D5154DA00B50556 = {
						CreatedOnToolsVersion = 7.3.1;
						TestTargetID = 108D6BE11D5154DA00B50556;
					};
				};
			};
			buildConfigurationList = 108D6BDD1D5154D900B50556 /* Build configuration list for PBXProject "Project_Cards" */;
			compatibilityVersion = "Xcode 3.2";
			developmentRegion = English;
			hasScannedForEncodings = 0;
			knownRegions = (
				en,
				Base,
			);
			mainGroup = 108D6BD91D5154D900B50556;
			productRefGroup = 108D6BE31D5154DA00B50556 /* Products */;
			projectDirPath = "";
			projectRoot = "";
			targets = (
				108D6BE11D5154DA00B50556 /* Project_Cards */,
				108D6BF51D5154DA00B50556 /* Project_CardsTests */,
				108D6C001D5154DA00B50556 /* Project_CardsUITests */,
			);
		};
/* End PBXProject section */

/* Begin PBXResourcesBuildPhase section */
		108D6BE01D5154DA00B50556 /* Resources */ = {
			isa = PBXResourcesBuildPhase;
			buildActionMask = 2147483647;
			files = (
				108D6BF01D5154DA00B50556 /* LaunchScreen.storyboard in Resources */,
				108D6BED1D5154DA00B50556 /* Assets.xcassets in Resources */,
				108D6BEB1D5154DA00B50556 /* Main.storyboard in Resources */,
			);
			runOnlyForDeploymentPostprocessing = 0;
		};
		108D6BF41D5154DA00B50556 /* Resources */ = {
			isa = PBXResourcesBuildPhase;
			buildActionMask = 2147483647;
			files = (
			);
			runOnlyForDeploymentPostprocessing = 0;
		};
		108D6BFF1D5154DA00B50556 /* Resources */ = {
			isa = PBXResourcesBuildPhase;
			buildActionMask = 2147483647;
			files = (
			);
			runOnlyForDeploymentPostprocessing = 0;
		};
/* End PBXResourcesBuildPhase section */

/* Begin PBXSourcesBuildPhase section */
		108D6BDE1D5154DA00B50556 /* Sources */ = {
			isa = PBXSourcesBuildPhase;
			buildActionMask = 2147483647;
			files = (
				108D6BE81D5154DA00B50556 /* ViewController.swift in Sources */,
				108D6BE61D5154DA00B50556 /* AppDelegate.swift in Sources */,
			);
			runOnlyForDeploymentPostprocessing = 0;
		};
		108D6BF21D5154DA00B50556 /* Sources */ = {
			isa = PBXSourcesBuildPhase;
			buildActionMask = 2147483647;
			files = (
				108D6BFB1D5154DA00B50556 /* Project_CardsTests.swift in Sources */,
			);
			runOnlyForDeploymentPostprocessing = 0;
		};
		108D6BFD1D5154DA00B50556 /* Sources */ = {
			isa = PBXSourcesBuildPhase;
			buildActionMask = 2147483647;
			files = (
				108D6C061D5154DA00B50556 /* Project_CardsUITests.swift in Sources */,
			);
			runOnlyForDeploymentPostprocessing = 0;
		};
/* End PBXSourcesBuildPhase section */

/* Begin PBXTargetDependency section */
		108D6BF81D5154DA00B50556 /* PBXTargetDependency */ = {
			isa = PBXTargetDependency;
			target = 108D6BE11D5154DA00B50556 /* Project_Cards */;
			targetProxy = 108D6BF71D5154DA00B50556 /* PBXContainerItemProxy */;
		};
		108D6C031D5154DA00B50556 /* PBXTargetDependency */ = {
			isa = PBXTargetDependency;
			target = 108D6BE11D5154DA00B50556 /* Project_Cards */;
			targetProxy = 108D6C021D5154DA00B50556 /* PBXContainerItemProxy */;
		};
/* End PBXTargetDependency section */

/* Begin PBXVariantGroup section */
		108D6BE91D5154DA00B50556 /* Main.storyboard */ = {
			isa = PBXVariantGroup;
			children = (
				108D6BEA1D5154DA00B50556 /* Base */,
			);
			name = Main.storyboard;
			sourceTree = "<group>";
		};
		108D6BEE1D5154DA00B50556 /* LaunchScreen.storyboard */ = {
			isa = PBXVariantGroup;
			children = (
				108D6BEF1D5154DA00B50556 /* Base */,
			);
			name = LaunchScreen.storyboard;
			sourceTree = "<group>";
		};
/* End PBXVariantGroup section */

/* Begin XCBuildConfiguration section */
		108D6C081D5154DA00B50556 /* Debug */ = {
			isa = XCBuildConfiguration;
			buildSettings = {
				ALWAYS_SEARCH_USER_PATHS = NO;
				CLANG_ANALYZER_NONNULL = YES;
				CLANG_CXX_LANGUAGE_STANDARD = "gnu++0x";
				CLANG_CXX_LIBRARY = "libc++";
				CLANG_ENABLE_MODULES = YES;
				CLANG_ENABLE_OBJC_ARC = YES;
				CLANG_WARN_BOOL_CONVERSION = YES;
				CLANG_WARN_CONSTANT_CONVERSION = YES;
				CLANG_WARN_DIRECT_OBJC_ISA_USAGE = YES_ERROR;
				CLANG_WARN_EMPTY_BODY = YES;
				CLANG_WARN_ENUM_CONVERSION = YES;
				CLANG_WARN_INT_CONVERSION = YES;
				CLANG_WARN_OBJC_ROOT_CLASS = YES_ERROR;
				CLANG_WARN_UNREACHABLE_CODE = YES;
				CLANG_WARN__DUPLICATE_METHOD_MATCH = YES;
				"CODE_SIGN_IDENTITY[sdk=iphoneos*]" = "iPhone Developer";
				COPY_PHASE_STRIP = NO;
				DEBUG_INFORMATION_FORMAT = dwarf;
				ENABLE_STRICT_OBJC_MSGSEND = YES;
				ENABLE_TESTABILITY = YES;
				GCC_C_LANGUAGE_STANDARD = gnu99;
				GCC_DYNAMIC_NO_PIC = NO;
				GCC_NO_COMMON_BLOCKS = YES;
				GCC_OPTIMIZATION_LEVEL = 0;
				GCC_PREPROCESSOR_DEFINITIONS = (
					"DEBUG=1",
					"$(inherited)",
				);
				GCC_WARN_64_TO_32_BIT_CONVERSION = YES;
				GCC_WARN_ABOUT_RETURN_TYPE = YES_ERROR;
				GCC_WARN_UNDECLARED_SELECTOR = YES;
				GCC_WARN_UNINITIALIZED_AUTOS = YES_AGGRESSIVE;
				GCC_WARN_UNUSED_FUNCTION = YES;
				GCC_WARN_UNUSED_VARIABLE = YES;
				IPHONEOS_DEPLOYMENT_TARGET = 9.3;
				MTL_ENABLE_DEBUG_INFO = YES;
				ONLY_ACTIVE_ARCH = YES;
				SDKROOT = iphoneos;
				SWIFT_OPTIMIZATION_LEVEL = "-Onone";
				TARGETED_DEVICE_FAMILY = "1,2";
			};
			name = Debug;
		};
		108D6C091D5154DA00B50556 /* Release */ = {
			isa = XCBuildConfiguration;
			buildSettings = {
				ALWAYS_SEARCH_USER_PATHS = NO;
				CLANG_ANALYZER_NONNULL = YES;
				CLANG_CXX_LANGUAGE_STANDARD = "gnu++0x";
				CLANG_CXX_LIBRARY = "libc++";
				CLANG_ENABLE_MODULES = YES;
				CLANG_ENABLE_OBJC_ARC = YES;
				CLANG_WARN_BOOL_CONVERSION = YES;
				CLANG_WARN_CONSTANT_CONVERSION = YES;
				CLANG_WARN_DIRECT_OBJC_ISA_USAGE = YES_ERROR;
				CLANG_WARN_EMPTY_BODY = YES;
				CLANG_WARN_ENUM_CONVERSION = YES;
				CLANG_WARN_INT_CONVERSION = YES;
				CLANG_WARN_OBJC_ROOT_CLASS = YES_ERROR;
				CLANG_WARN_UNREACHABLE_CODE = YES;
				CLANG_WARN__DUPLICATE_METHOD_MATCH = YES;
				"CODE_SIGN_IDENTITY[sdk=iphoneos*]" = "iPhone Developer";
				COPY_PHASE_STRIP = NO;
				DEBUG_INFORMATION_FORMAT = "dwarf-with-dsym";
				ENABLE_NS_ASSERTIONS = NO;
				ENABLE_STRICT_OBJC_MSGSEND = YES;
				GCC_C_LANGUAGE_STANDARD = gnu99;
				GCC_NO_COMMON_BLOCKS = YES;
				GCC_WARN_64_TO_32_BIT_CONVERSION = YES;
				GCC_WARN_ABOUT_RETURN_TYPE = YES_ERROR;
				GCC_WARN_UNDECLARED_SELECTOR = YES;
				GCC_WARN_UNINITIALIZED_AUTOS = YES_AGGRESSIVE;
				GCC_WARN_UNUSED_FUNCTION = YES;
				GCC_WARN_UNUSED_VARIABLE = YES;
				IPHONEOS_DEPLOYMENT_TARGET = 9.3;
				MTL_ENABLE_DEBUG_INFO = NO;
				SDKROOT = iphoneos;
				TARGETED_DEVICE_FAMILY = "1,2";
				VALIDATE_PRODUCT = YES;
			};
			name = Release;
		};
		108D6C0B1D5154DA00B50556 /* Debug */ = {
			isa = XCBuildConfiguration;
			buildSettings = {
				ASSETCATALOG_COMPILER_APPICON_NAME = AppIcon;
				INFOPLIST_FILE = Project_Cards/Info.plist;
				LD_RUNPATH_SEARCH_PATHS = "$(inherited) @executable_path/Frameworks";
				PRODUCT_BUNDLE_IDENTIFIER = "Brown-club.Project-Cards";
				PRODUCT_NAME = "$(TARGET_NAME)";
			};
			name = Debug;
		};
		108D6C0C1D5154DA00B50556 /* Release */ = {
			isa = XCBuildConfiguration;
			buildSettings = {
				ASSETCATALOG_COMPILER_APPICON_NAME = AppIcon;
				INFOPLIST_FILE = Project_Cards/Info.plist;
				LD_RUNPATH_SEARCH_PATHS = "$(inherited) @executable_path/Frameworks";
				PRODUCT_BUNDLE_IDENTIFIER = "Brown-club.Project-Cards";
				PRODUCT_NAME = "$(TARGET_NAME)";
			};
			name = Release;
		};
		108D6C0E1D5154DA00B50556 /* Debug */ = {
			isa = XCBuildConfiguration;
			buildSettings = {
				BUNDLE_LOADER = "$(TEST_HOST)";
				INFOPLIST_FILE = Project_CardsTests/Info.plist;
				LD_RUNPATH_SEARCH_PATHS = "$(inherited) @executable_path/Frameworks @loader_path/Frameworks";
				PRODUCT_BUNDLE_IDENTIFIER = "Brown-club.Project-CardsTests";
				PRODUCT_NAME = "$(TARGET_NAME)";
				TEST_HOST = "$(BUILT_PRODUCTS_DIR)/Project_Cards.app/Project_Cards";
			};
			name = Debug;
		};
		108D6C0F1D5154DA00B50556 /* Release */ = {
			isa = XCBuildConfiguration;
			buildSettings = {
				BUNDLE_LOADER = "$(TEST_HOST)";
				INFOPLIST_FILE = Project_CardsTests/Info.plist;
				LD_RUNPATH_SEARCH_PATHS = "$(inherited) @executable_path/Frameworks @loader_path/Frameworks";
				PRODUCT_BUNDLE_IDENTIFIER = "Brown-club.Project-CardsTests";
				PRODUCT_NAME = "$(TARGET_NAME)";
				TEST_HOST = "$(BUILT_PRODUCTS_DIR)/Project_Cards.app/Project_Cards";
			};
			name = Release;
		};
		108D6C111D5154DA00B50556 /* Debug */ = {
			isa = XCBuildConfiguration;
			buildSettings = {
				INFOPLIST_FILE = Project_CardsUITests/Info.plist;
				LD_RUNPATH_SEARCH_PATHS = "$(inherited) @executable_path/Frameworks @loader_path/Frameworks";
				PRODUCT_BUNDLE_IDENTIFIER = "Brown-club.Project-CardsUITests";
				PRODUCT_NAME = "$(TARGET_NAME)";
				TEST_TARGET_NAME = Project_Cards;
			};
			name = Debug;
		};
		108D6C121D5154DA00B50556 /* Release */ = {
			isa = XCBuildConfiguration;
			buildSettings = {
				INFOPLIST_FILE = Project_CardsUITests/Info.plist;
				LD_RUNPATH_SEARCH_PATHS = "$(inherited) @executable_path/Frameworks @loader_path/Frameworks";
				PRODUCT_BUNDLE_IDENTIFIER = "Brown-club.Project-CardsUITests";
				PRODUCT_NAME = "$(TARGET_NAME)";
				TEST_TARGET_NAME = Project_Cards;
			};
			name = Release;
		};
/* End XCBuildConfiguration section */

/* Begin XCConfigurationList section */
		108D6BDD1D5154D900B50556 /* Build configuration list for PBXProject "Project_Cards" */ = {
			isa = XCConfigurationList;
			buildConfigurations = (
				108D6C081D5154DA00B50556 /* Debug */,
				108D6C091D5154DA00B50556 /* Release */,
			);
			defaultConfigurationIsVisible = 0;
			defaultConfigurationName = Release;
		};
		108D6C0A1D5154DA00B50556 /* Build configuration list for PBXNativeTarget "Project_Cards" */ = {
			isa = XCConfigurationList;
			buildConfigurations = (
				108D6C0B1D5154DA00B50556 /* Debug */,
				108D6C0C1D5154DA00B50556 /* Release */,
			);
			defaultConfigurationIsVisible = 0;
		};
		108D6C0D1D5154DA00B50556 /* Build configuration list for PBXNativeTarget "Project_CardsTests" */ = {
			isa = XCConfigurationList;
			buildConfigurations = (
				108D6C0E1D5154DA00B50556 /* Debug */,
				108D6C0F1D5154DA00B50556 /* Release */,
			);
			defaultConfigurationIsVisible = 0;
		};
		108D6C101D5154DA00B50556 /* Build configuration list for PBXNativeTarget "Project_CardsUITests" */ = {
			isa = XCConfigurationList;
			buildConfigurations = (
				108D6C111D5154DA00B50556 /* Debug */,
				108D6C121D5154DA00B50556 /* Release */,
			);
			defaultConfigurationIsVisible = 0;
		};
/* End XCConfigurationList section */
	};
	rootObject = 108D6BDA1D5154D900B50556 /* Project object */;
}
